
Microsoft Visual Studio Solution File, Format Version 12.00
# Visual Studio Version 16
VisualStudioVersion = 16.0.30717.126
MinimumVisualStudioVersion = 10.0.40219.1
Project("{9A19103F-16F7-4668-BE54-9A1E7A4F7556}") = "discordbot", "discordbot.csproj", "{3A11388A-F0FE-468E-807C-9E3F1C185BE3}"
EndProject
Global
	GlobalSection(SolutionConfigurationPlatforms) = preSolution
		Debug|Any CPU = Debug|Any CPU
		Release|Any CPU = Release|Any CPU
	EndGlobalSection
	GlobalSection(ProjectConfigurationPlatforms) = postSolution
		{3A11388A-F0FE-468E-807C-9E3F1C185BE3}.Debug|Any CPU.ActiveCfg = Debug|Any CPU
		{3A11388A-F0FE-468E-807C-9E3F1C185BE3}.Debug|Any CPU.Build.0 = Debug|Any CPU
		{3A11388A-F0FE-468E-807C-9E3F1C185BE3}.Release|Any CPU.ActiveCfg = Release|Any CPU
		{3A11388A-F0FE-468E-807C-9E3F1C185BE3}.Release|Any CPU.Build.0 = Release|Any CPU
	EndGlobalSection
	GlobalSection(SolutionProperties) = preSolution
		HideSolutionNode = FALSE
	EndGlobalSection
	GlobalSection(ExtensibilityGlobals) = postSolution
		SolutionGuid = {3179C0E8-7ED1-4E1D-885B-0DFF2B4CD64E}
	EndGlobalSection
EndGlobal
